// !$*UTF8*$!
{
	archiveVersion = 1;
	classes = {
	};
	objectVersion = 77;
	objects = {

/* Begin PBXBuildFile section */
		3C5B363F55ED41F68220C633 /* Casanchess in Frameworks */ = {isa = PBXBuildFile; productRef = 3C5B364055ED41F68220C633 /* Casanchess */; };
/* End PBXBuildFile section */

/* Begin PBXContainerItemProxy section */
		7D1BB8C62F9B7B6700E37284 /* PBXContainerItemProxy */ = {
			isa = PBXContainerItemProxy;
			containerPortal = 7D495F632F9A374F0031BFC6 /* Project object */;
			proxyType = 1;
			remoteGlobalIDString = 7D495F6A2F9A374F0031BFC6;
			remoteInfo = "CasanchessSmoke macOS";
		};
/* End PBXContainerItemProxy section */

/* Begin PBXFileReference section */
		7D1BB8C22F9B7B6700E37284 /* CasanchessSmoke macOS Tests.xctest */ = {isa = PBXFileReference; explicitFileType = wrapper.cfbundle; includeInIndex = 0; path = "CasanchessSmoke macOS Tests.xctest"; sourceTree = BUILT_PRODUCTS_DIR; };
		7D495F6B2F9A374F0031BFC6 /* CasanchessSmoke macOS.app */ = {isa = PBXFileReference; explicitFileType = wrapper.application; includeInIndex = 0; path = "CasanchessSmoke macOS.app"; sourceTree = BUILT_PRODUCTS_DIR; };
/* End PBXFileReference section */

/* Begin PBXFileSystemSynchronizedRootGroup section */
		7D1BB8C32F9B7B6700E37284 /* CasanchessSmoke macOS Tests */ = {
			isa = PBXFileSystemSynchronizedRootGroup;
			path = "CasanchessSmoke macOS Tests";
			sourceTree = "<group>";
		};
		7D495F6D2F9A374F0031BFC6 /* CasanchessSmoke macOS */ = {
			isa = PBXFileSystemSynchronizedRootGroup;
			path = "CasanchessSmoke macOS";
			sourceTree = "<group>";
		};
		B1C2D3E42F9A374F0031BFC6 /* CasanchessSmoke */ = {
			isa = PBXFileSystemSynchronizedRootGroup;
			path = CasanchessSmoke;
			sourceTree = "<group>";
		};
		D1E2F3A42F9A374F0031BFC6 /* CasanchessSmokeTests */ = {
			isa = PBXFileSystemSynchronizedRootGroup;
			path = CasanchessSmokeTests;
			sourceTree = "<group>";
		};
/* End PBXFileSystemSynchronizedRootGroup section */

/* Begin PBXFrameworksBuildPhase section */
		7D1BB8BF2F9B7B6700E37284 /* Frameworks */ = {
			isa = PBXFrameworksBuildPhase;
			buildActionMask = 2147483647;
			files = (
			);
			runOnlyForDeploymentPostprocessing = 0;
		};
		7D495F682F9A374F0031BFC6 /* Frameworks */ = {
			isa = PBXFrameworksBuildPhase;
			buildActionMask = 2147483647;
			files = (
				3C5B363F55ED41F68220C633 /* Casanchess in Frameworks */,
			);
			runOnlyForDeploymentPostprocessing = 0;
		};
/* End PBXFrameworksBuildPhase section */

/* Begin PBXGroup section */
		7892EC2BE7AB64A17D2A1AB6 /* Frameworks */ = {
			isa = PBXGroup;
			children = (
			);
			name = Frameworks;
			sourceTree = "<group>";
		};
		7D495F622F9A374F0031BFC6 = {
			isa = PBXGroup;
			children = (
				7D495F6D2F9A374F0031BFC6 /* CasanchessSmoke macOS */,
				B1C2D3E42F9A374F0031BFC6 /* CasanchessSmoke */,
				7D1BB8C32F9B7B6700E37284 /* CasanchessSmoke macOS Tests */,
				D1E2F3A42F9A374F0031BFC6 /* CasanchessSmokeTests */,
				7D495F6C2F9A374F0031BFC6 /* Products */,
				7892EC2BE7AB64A17D2A1AB6 /* Frameworks */,
			);
			sourceTree = "<group>";
		};
		7D495F6C2F9A374F0031BFC6 /* Products */ = {
			isa = PBXGroup;
			children = (
				7D495F6B2F9A374F0031BFC6 /* CasanchessSmoke macOS.app */,
				7D1BB8C22F9B7B6700E37284 /* CasanchessSmoke macOS Tests.xctest */,
			);
			name = Products;
			sourceTree = "<group>";
		};
/* End PBXGroup section */

/* Begin PBXNativeTarget section */
		7D1BB8C12F9B7B6700E37284 /* CasanchessSmoke macOS Tests */ = {
			isa = PBXNativeTarget;
			buildConfigurationList = 7D1BB8CA2F9B7B6700E37284 /* Build configuration list for PBXNativeTarget "CasanchessSmoke macOS Tests" */;
			buildPhases = (
				7D1BB8BE2F9B7B6700E37284 /* Sources */,
				7D1BB8BF2F9B7B6700E37284 /* Frameworks */,
				7D1BB8C02F9B7B6700E37284 /* Resources */,
			);
			buildRules = (
			);
			dependencies = (
				7D1BB8C72F9B7B6700E37284 /* PBXTargetDependency */,
			);
			fileSystemSynchronizedGroups = (
				7D1BB8C32F9B7B6700E37284 /* CasanchessSmoke macOS Tests */,
				D1E2F3A42F9A374F0031BFC6 /* CasanchessSmokeTests */,
			);
			name = "CasanchessSmoke macOS Tests";
			packageProductDependencies = (
			);
			productName = "CasanchessSmoke macOS Tests";
			productReference = 7D1BB8C22F9B7B6700E37284 /* CasanchessSmoke macOS Tests.xctest */;
			productType = "com.apple.product-type.bundle.unit-test";
		};
		7D495F6A2F9A374F0031BFC6 /* CasanchessSmoke macOS */ = {
			isa = PBXNativeTarget;
			buildConfigurationList = 7D495F7A2F9A37520031BFC6 /* Build configuration list for PBXNativeTarget "CasanchessSmoke macOS" */;
			buildPhases = (
				7D495F672F9A374F0031BFC6 /* Sources */,
				7D495F682F9A374F0031BFC6 /* Frameworks */,
				7D495F692F9A374F0031BFC6 /* Resources */,
			);
			buildRules = (
			);
			dependencies = (
			);
			fileSystemSynchronizedGroups = (
				7D495F6D2F9A374F0031BFC6 /* CasanchessSmoke macOS */,
				B1C2D3E42F9A374F0031BFC6 /* CasanchessSmoke */,
			);
			name = "CasanchessSmoke macOS";
			packageProductDependencies = (
				3C5B364055ED41F68220C633 /* Casanchess */,
			);
			productName = "CasanchessSmoke macOS";
			productReference = 7D495F6B2F9A374F0031BFC6 /* CasanchessSmoke macOS.app */;
			productType = "com.apple.product-type.application";
		};
/* End PBXNativeTarget section */

/* Begin PBXProject section */
		7D495F632F9A374F0031BFC6 /* Project object */ = {
			isa = PBXProject;
			attributes = {
				BuildIndependentTargetsInParallel = 1;
				LastSwiftUpdateCheck = 1620;
				LastUpgradeCheck = 1620;
				TargetAttributes = {
					7D1BB8C12F9B7B6700E37284 = {
						CreatedOnToolsVersion = 16.2;
						TestTargetID = 7D495F6A2F9A374F0031BFC6;
					};
					7D495F6A2F9A374F0031BFC6 = {
						CreatedOnToolsVersion = 16.2;
					};
				};
			};
			buildConfigurationList = 7D495F662F9A374F0031BFC6 /* Build configuration list for PBXProject "CasanchessSmoke macOS" */;
			developmentRegion = en;
			hasScannedForEncodings = 0;
			knownRegions = (
				en,
				Base,
			);
			mainGroup = 7D495F622F9A374F0031BFC6;
			minimizedProjectReferenceProxies = 1;
			packageReferences = (
				3C5B364155ED41F68220C633 /* XCLocalSwiftPackageReference "Casanchess" */,
			);
			preferredProjectObjectVersion = 77;
			productRefGroup = 7D495F6C2F9A374F0031BFC6 /* Products */;
			projectDirPath = "";
			projectRoot = "";
			targets = (
				7D495F6A2F9A374F0031BFC6 /* CasanchessSmoke macOS */,
				7D1BB8C12F9B7B6700E37284 /* CasanchessSmoke macOS Tests */,
			);
		};
/* End PBXProject section */

/* Begin PBXResourcesBuildPhase section */
		7D1BB8C02F9B7B6700E37284 /* Resources */ = {
			isa = PBXResourcesBuildPhase;
			buildActionMask = 2147483647;
			files = (
			);
			runOnlyForDeploymentPostprocessing = 0;
		};
		7D495F692F9A374F0031BFC6 /* Resources */ = {
			isa = PBXResourcesBuildPhase;
			buildActionMask = 2147483647;
			files = (
			);
			runOnlyForDeploymentPostprocessing = 0;
		};
/* End PBXResourcesBuildPhase section */

/* Begin PBXSourcesBuildPhase section */
		7D1BB8BE2F9B7B6700E37284 /* Sources */ = {
			isa = PBXSourcesBuildPhase;
			buildActionMask = 2147483647;
			files = (
			);
			runOnlyForDeploymentPostprocessing = 0;
		};
		7D495F672F9A374F0031BFC6 /* Sources */ = {
			isa = PBXSourcesBuildPhase;
			buildActionMask = 2147483647;
			files = (
			);
			runOnlyForDeploymentPostprocessing = 0;
		};
/* End PBXSourcesBuildPhase section */

/* Begin PBXTargetDependency section */
		7D1BB8C72F9B7B6700E37284 /* PBXTargetDependency */ = {
			isa = PBXTargetDependency;
			target = 7D495F6A2F9A374F0031BFC6 /* CasanchessSmoke macOS */;
			targetProxy = 7D1BB8C62F9B7B6700E37284 /* PBXContainerItemProxy */;
		};
/* End PBXTargetDependency section */

/* Begin XCBuildConfiguration section */
		7D1BB8C82F9B7B6700E37284 /* Debug */ = {
			isa = XCBuildConfiguration;
			buildSettings = {
				BUNDLE_LOADER = "$(TEST_HOST)";
				CODE_SIGN_STYLE = Automatic;
				CURRENT_PROJECT_VERSION = 1;
				DEVELOPMENT_TEAM = H2SLQDK5YK;
				GENERATE_INFOPLIST_FILE = YES;
				MARKETING_VERSION = 1.0;
				PRODUCT_BUNDLE_IDENTIFIER = "com.iliaskarim.CasanchessSmoke-macOS-Tests";
				PRODUCT_NAME = "$(TARGET_NAME)";
				SWIFT_EMIT_LOC_STRINGS = NO;
				SWIFT_VERSION = 5.0;
				TEST_HOST = "$(BUILT_PRODUCTS_DIR)/CasanchessSmoke macOS.app/$(BUNDLE_EXECUTABLE_FOLDER_PATH)/CasanchessSmoke macOS";
			};
			name = Debug;
		};
		7D1BB8C92F9B7B6700E37284 /* Release */ = {
			isa = XCBuildConfiguration;
			buildSettings = {
				BUNDLE_LOADER = "$(TEST_HOST)";
				CODE_SIGN_STYLE = Automatic;
				CURRENT_PROJECT_VERSION = 1;
				DEVELOPMENT_TEAM = H2SLQDK5YK;
				GENERATE_INFOPLIST_FILE = YES;
				MARKETING_VERSION = 1.0;
				PRODUCT_BUNDLE_IDENTIFIER = "com.iliaskarim.CasanchessSmoke-macOS-Tests";
				PRODUCT_NAME = "$(TARGET_NAME)";
				SWIFT_EMIT_LOC_STRINGS = NO;
				SWIFT_VERSION = 5.0;
				TEST_HOST = "$(BUILT_PRODUCTS_DIR)/CasanchessSmoke macOS.app/$(BUNDLE_EXECUTABLE_FOLDER_PATH)/CasanchessSmoke macOS";
			};
			name = Release;
		};
		7D495F782F9A37520031BFC6 /* Debug */ = {
			isa = XCBuildConfiguration;
			buildSettings = {
				ALWAYS_SEARCH_USER_PATHS = NO;
				ASSETCATALOG_COMPILER_GENERATE_SWIFT_ASSET_SYMBOL_EXTENSIONS = YES;
				CLANG_ANALYZER_NONNULL = YES;
				CLANG_ANALYZER_NUMBER_OBJECT_CONVERSION = YES_AGGRESSIVE;
				CLANG_CXX_LANGUAGE_STANDARD = "gnu++20";
				CLANG_ENABLE_MODULES = YES;
				CLANG_ENABLE_OBJC_ARC = YES;
				CLANG_ENABLE_OBJC_WEAK = YES;
				CLANG_WARN_BLOCK_CAPTURE_AUTORELEASING = YES;
				CLANG_WARN_BOOL_CONVERSION = YES;
				CLANG_WARN_COMMA = YES;
				CLANG_WARN_CONSTANT_CONVERSION = YES;
				CLANG_WARN_DEPRECATED_OBJC_IMPLEMENTATIONS = YES;
				CLANG_WARN_DIRECT_OBJC_ISA_USAGE = YES_ERROR;
				CLANG_WARN_DOCUMENTATION_COMMENTS = YES;
				CLANG_WARN_EMPTY_BODY = YES;
				CLANG_WARN_ENUM_CONVERSION = YES;
				CLANG_WARN_INFINITE_RECURSION = YES;
				CLANG_WARN_INT_CONVERSION = YES;
				CLANG_WARN_NON_LITERAL_NULL_CONVERSION = YES;
				CLANG_WARN_OBJC_IMPLICIT_RETAIN_SELF = YES;
				CLANG_WARN_OBJC_LITERAL_CONVERSION = YES;
				CLANG_WARN_OBJC_ROOT_CLASS = YES_ERROR;
				CLANG_WARN_QUOTED_INCLUDE_IN_FRAMEWORK_HEADER = YES;
				CLANG_WARN_RANGE_LOOP_ANALYSIS = YES;
				CLANG_WARN_STRICT_PROTOTYPES = YES;
				CLANG_WARN_SUSPICIOUS_MOVE = YES;
				CLANG_WARN_UNGUARDED_AVAILABILITY = YES_AGGRESSIVE;
				CLANG_WARN_UNREACHABLE_CODE = YES;
				CLANG_WARN__DUPLICATE_METHOD_MATCH = YES;
				COPY_PHASE_STRIP = NO;
				DEBUG_INFORMATION_FORMAT = dwarf;
				ENABLE_STRICT_OBJC_MSGSEND = YES;
				ENABLE_TESTABILITY = YES;
				ENABLE_USER_SCRIPT_SANDBOXING = YES;
				GCC_C_LANGUAGE_STANDARD = gnu17;
				GCC_DYNAMIC_NO_PIC = NO;
				GCC_NO_COMMON_BLOCKS = YES;
				GCC_OPTIMIZATION_LEVEL = 0;
				GCC_PREPROCESSOR_DEFINITIONS = (
					"DEBUG=1",
					"$(inherited)",
				);
				GCC_WARN_64_TO_32_BIT_CONVERSION = YES;
				GCC_WARN_ABOUT_RETURN_TYPE = YES_ERROR;
				GCC_WARN_UNDECLARED_SELECTOR = YES;
				GCC_WARN_UNINITIALIZED_AUTOS = YES_AGGRESSIVE;
				GCC_WARN_UNUSED_FUNCTION = YES;
				GCC_WARN_UNUSED_VARIABLE = YES;
				LOCALIZATION_PREFERS_STRING_CATALOGS = YES;
				MACOSX_DEPLOYMENT_TARGET = 14.8;
				MTL_ENABLE_DEBUG_INFO = INCLUDE_SOURCE;
				MTL_FAST_MATH = YES;
				ONLY_ACTIVE_ARCH = YES;
				SDKROOT = macosx;
				SWIFT_ACTIVE_COMPILATION_CONDITIONS = "DEBUG $(inherited)";
				SWIFT_OPTIMIZATION_LEVEL = "-Onone";
			};
			name = Debug;
		};
		7D495F792F9A37520031BFC6 /* Release */ = {
			isa = XCBuildConfiguration;
			buildSettings = {
				ALWAYS_SEARCH_USER_PATHS = NO;
				ASSETCATALOG_COMPILER_GENERATE_SWIFT_ASSET_SYMBOL_EXTENSIONS = YES;
				CLANG_ANALYZER_NONNULL = YES;
				CLANG_ANALYZER_NUMBER_OBJECT_CONVERSION = YES_AGGRESSIVE;
				CLANG_CXX_LANGUAGE_STANDARD = "gnu++20";
				CLANG_ENABLE_MODULES = YES;
				CLANG_ENABLE_OBJC_ARC = YES;
				CLANG_ENABLE_OBJC_WEAK = YES;
				CLANG_WARN_BLOCK_CAPTURE_AUTORELEASING = YES;
				CLANG_WARN_BOOL_CONVERSION = YES;
				CLANG_WARN_COMMA = YES;
				CLANG_WARN_CONSTANT_CONVERSION = YES;
				CLANG_WARN_DEPRECATED_OBJC_IMPLEMENTATIONS = YES;
				CLANG_WARN_DIRECT_OBJC_ISA_USAGE = YES_ERROR;
				CLANG_WARN_DOCUMENTATION_COMMENTS = YES;
				CLANG_WARN_EMPTY_BODY = YES;
				CLANG_WARN_ENUM_CONVERSION = YES;
				CLANG_WARN_INFINITE_RECURSION = YES;
				CLANG_WARN_INT_CONVERSION = YES;
				CLANG_WARN_NON_LITERAL_NULL_CONVERSION = YES;
				CLANG_WARN_OBJC_IMPLICIT_RETAIN_SELF = YES;
				CLANG_WARN_OBJC_LITERAL_CONVERSION = YES;
				CLANG_WARN_OBJC_ROOT_CLASS = YES_ERROR;
				CLANG_WARN_QUOTED_INCLUDE_IN_FRAMEWORK_HEADER = YES;
				CLANG_WARN_RANGE_LOOP_ANALYSIS = YES;
				CLANG_WARN_STRICT_PROTOTYPES = YES;
				CLANG_WARN_SUSPICIOUS_MOVE = YES;
				CLANG_WARN_UNGUARDED_AVAILABILITY = YES_AGGRESSIVE;
				CLANG_WARN_UNREACHABLE_CODE = YES;
				CLANG_WARN__DUPLICATE_METHOD_MATCH = YES;
				COPY_PHASE_STRIP = NO;
				DEBUG_INFORMATION_FORMAT = "dwarf-with-dsym";
				ENABLE_NS_ASSERTIONS = NO;
				ENABLE_STRICT_OBJC_MSGSEND = YES;
				ENABLE_USER_SCRIPT_SANDBOXING = YES;
				GCC_C_LANGUAGE_STANDARD = gnu17;
				GCC_NO_COMMON_BLOCKS = YES;
				GCC_WARN_64_TO_32_BIT_CONVERSION = YES;
				GCC_WARN_ABOUT_RETURN_TYPE = YES_ERROR;
				GCC_WARN_UNDECLARED_SELECTOR = YES;
				GCC_WARN_UNINITIALIZED_AUTOS = YES_AGGRESSIVE;
				GCC_WARN_UNUSED_FUNCTION = YES;
				GCC_WARN_UNUSED_VARIABLE = YES;
				LOCALIZATION_PREFERS_STRING_CATALOGS = YES;
				MACOSX_DEPLOYMENT_TARGET = 14.8;
				MTL_ENABLE_DEBUG_INFO = NO;
				MTL_FAST_MATH = YES;
				SDKROOT = macosx;
				SWIFT_COMPILATION_MODE = wholemodule;
			};
			name = Release;
		};
		7D495F7B2F9A37520031BFC6 /* Debug */ = {
			isa = XCBuildConfiguration;
			buildSettings = {
				ASSETCATALOG_COMPILER_APPICON_NAME = AppIcon;
				ASSETCATALOG_COMPILER_GLOBAL_ACCENT_COLOR_NAME = AccentColor;
				CODE_SIGN_ENTITLEMENTS = "CasanchessSmoke macOS/CasanchessSmoke_macOS.entitlements";
				CODE_SIGN_STYLE = Automatic;
				COMBINE_HIDPI_IMAGES = YES;
				CURRENT_PROJECT_VERSION = 1;
				DEVELOPMENT_ASSET_PATHS = "\"CasanchessSmoke macOS/Preview Content\"";
				DEVELOPMENT_TEAM = H2SLQDK5YK;
				ENABLE_HARDENED_RUNTIME = YES;
				ENABLE_PREVIEWS = YES;
				GENERATE_INFOPLIST_FILE = YES;
				HEADER_SEARCH_PATHS = (
					"$(inherited)",
					"$(PROJECT_DIR)/../../external/fathom/src",
				);
				INFOPLIST_KEY_NSHumanReadableCopyright = "";
				LD_RUNPATH_SEARCH_PATHS = (
					"$(inherited)",
					"@executable_path/../Frameworks",
				);
				MARKETING_VERSION = 1.0;
				PRODUCT_BUNDLE_IDENTIFIER = "com.iliaskarim.CasanchessSmoke-macOS";
				PRODUCT_NAME = "$(TARGET_NAME)";
				SWIFT_EMIT_LOC_STRINGS = YES;
				SWIFT_VERSION = 5.0;
			};
			name = Debug;
		};
		7D495F7C2F9A37520031BFC6 /* Release */ = {
			isa = XCBuildConfiguration;
			buildSettings = {
				ASSETCATALOG_COMPILER_APPICON_NAME = AppIcon;
				ASSETCATALOG_COMPILER_GLOBAL_ACCENT_COLOR_NAME = AccentColor;
				CODE_SIGN_ENTITLEMENTS = "CasanchessSmoke macOS/CasanchessSmoke_macOS.entitlements";
				CODE_SIGN_STYLE = Automatic;
				COMBINE_HIDPI_IMAGES = YES;
				CURRENT_PROJECT_VERSION = 1;
				DEVELOPMENT_ASSET_PATHS = "\"CasanchessSmoke macOS/Preview Content\"";
				DEVELOPMENT_TEAM = H2SLQDK5YK;
				ENABLE_HARDENED_RUNTIME = YES;
				ENABLE_PREVIEWS = YES;
				GENERATE_INFOPLIST_FILE = YES;
				HEADER_SEARCH_PATHS = (
					"$(inherited)",
					"$(PROJECT_DIR)/../../external/fathom/src",
				);
				INFOPLIST_KEY_NSHumanReadableCopyright = "";
				LD_RUNPATH_SEARCH_PATHS = (
					"$(inherited)",
					"@executable_path/../Frameworks",
				);
				MARKETING_VERSION = 1.0;
				PRODUCT_BUNDLE_IDENTIFIER = "com.iliaskarim.CasanchessSmoke-macOS";
				PRODUCT_NAME = "$(TARGET_NAME)";
				SWIFT_EMIT_LOC_STRINGS = YES;
				SWIFT_VERSION = 5.0;
			};
			name = Release;
		};
/* End XCBuildConfiguration section */

/* Begin XCConfigurationList section */
		7D1BB8CA2F9B7B6700E37284 /* Build configuration list for PBXNativeTarget "CasanchessSmoke macOS Tests" */ = {
			isa = XCConfigurationList;
			buildConfigurations = (
				7D1BB8C82F9B7B6700E37284 /* Debug */,
				7D1BB8C92F9B7B6700E37284 /* Release */,
			);
			defaultConfigurationIsVisible = 0;
			defaultConfigurationName = Release;
		};
		7D495F662F9A374F0031BFC6 /* Build configuration list for PBXProject "CasanchessSmoke macOS" */ = {
			isa = XCConfigurationList;
			buildConfigurations = (
				7D495F782F9A37520031BFC6 /* Debug */,
				7D495F792F9A37520031BFC6 /* Release */,
			);
			defaultConfigurationIsVisible = 0;
			defaultConfigurationName = Release;
		};
		7D495F7A2F9A37520031BFC6 /* Build configuration list for PBXNativeTarget "CasanchessSmoke macOS" */ = {
			isa = XCConfigurationList;
			buildConfigurations = (
				7D495F7B2F9A37520031BFC6 /* Debug */,
				7D495F7C2F9A37520031BFC6 /* Release */,
			);
			defaultConfigurationIsVisible = 0;
			defaultConfigurationName = Release;
		};
/* End XCConfigurationList section */

/* Begin XCLocalSwiftPackageReference section */
		3C5B364155ED41F68220C633 /* XCLocalSwiftPackageReference "Casanchess" */ = {
			isa = XCLocalSwiftPackageReference;
			relativePath = Casanchess;
		};
/* End XCLocalSwiftPackageReference section */

/* Begin XCSwiftPackageProductDependency section */
		3C5B364055ED41F68220C633 /* Casanchess */ = {
			isa = XCSwiftPackageProductDependency;
			package = 3C5B364155ED41F68220C633 /* XCLocalSwiftPackageReference "Casanchess" */;
			productName = Casanchess;
		};
/* End XCSwiftPackageProductDependency section */
	};
	rootObject = 7D495F632F9A374F0031BFC6 /* Project object */;
}
